// !$*UTF8*$!
{
	archiveVersion = 1;
	classes = {
	};
	objectVersion = 46;
	objects = {

/* Begin PBXBuildFile section */
		453699991A40ED8900643029 /* PlaylistViewController.m in Sources */ = {isa = PBXBuildFile; fileRef = 453699981A40ED8900643029 /* PlaylistViewController.m */; };
		457B2FE01A93061800B7236C /* Main.storyboard in Resources */ = {isa = PBXBuildFile; fileRef = 457B2FDF1A93061800B7236C /* Main.storyboard */; };
		45B6405A1A7DC3710031FCB5 /* ViewController.m in Sources */ = {isa = PBXBuildFile; fileRef = 45B640591A7DC3710031FCB5 /* ViewController.m */; };
		45B6405D1A7DC5440031FCB5 /* NetworkController.m in Sources */ = {isa = PBXBuildFile; fileRef = 45B6405C1A7DC5440031FCB5 /* NetworkController.m */; };
		45B640601A7DC57E0031FCB5 /* Beat.m in Sources */ = {isa = PBXBuildFile; fileRef = 45B6405F1A7DC57E0031FCB5 /* Beat.m */; };
		45E3EEE41A90A8A90095094A /* ScratchDeleteFile.m in Sources */ = {isa = PBXBuildFile; fileRef = 45E3EEE31A90A8A90095094A /* ScratchDeleteFile.m */; };
		8B8443B51A32A94F00E04392 /* main.m in Sources */ = {isa = PBXBuildFile; fileRef = 8B8443B41A32A94F00E04392 /* main.m */; };
		8B8443B81A32A94F00E04392 /* AppDelegate.m in Sources */ = {isa = PBXBuildFile; fileRef = 8B8443B71A32A94F00E04392 /* AppDelegate.m */; };
		8B8443C01A32A94F00E04392 /* Images.xcassets in Resources */ = {isa = PBXBuildFile; fileRef = 8B8443BF1A32A94F00E04392 /* Images.xcassets */; };
		8B8443C31A32A94F00E04392 /* LaunchScreen.xib in Resources */ = {isa = PBXBuildFile; fileRef = 8B8443C11A32A94F00E04392 /* LaunchScreen.xib */; };
		8B8443CF1A32A94F00E04392 /* MixedUpTests.m in Sources */ = {isa = PBXBuildFile; fileRef = 8B8443CE1A32A94F00E04392 /* MixedUpTests.m */; };
/* End PBXBuildFile section */

/* Begin PBXContainerItemProxy section */
		8B8443C91A32A94F00E04392 /* PBXContainerItemProxy */ = {
			isa = PBXContainerItemProxy;
			containerPortal = 8B8443A71A32A94F00E04392 /* Project object */;
			proxyType = 1;
			remoteGlobalIDString = 8B8443AE1A32A94F00E04392;
			remoteInfo = MixedUp;
		};
/* End PBXContainerItemProxy section */

/* Begin PBXFileReference section */
		453699971A40ED8900643029 /* PlaylistViewController.h */ = {isa = PBXFileReference; fileEncoding = 4; lastKnownFileType = sourcecode.c.h; path = PlaylistViewController.h; sourceTree = "<group>"; };
		453699981A40ED8900643029 /* PlaylistViewController.m */ = {isa = PBXFileReference; fileEncoding = 4; lastKnownFileType = sourcecode.c.objc; path = PlaylistViewController.m; sourceTree = "<group>"; };
		457B2FDF1A93061800B7236C /* Main.storyboard */ = {isa = PBXFileReference; fileEncoding = 4; lastKnownFileType = file.storyboard; path = Main.storyboard; sourceTree = "<group>"; };
		45B640591A7DC3710031FCB5 /* ViewController.m */ = {isa = PBXFileReference; fileEncoding = 4; lastKnownFileType = sourcecode.c.objc; path = ViewController.m; sourceTree = "<group>"; };
		45B6405B1A7DC5440031FCB5 /* NetworkController.h */ = {isa = PBXFileReference; fileEncoding = 4; lastKnownFileType = sourcecode.c.h; path = NetworkController.h; sourceTree = "<group>"; };
		45B6405C1A7DC5440031FCB5 /* NetworkController.m */ = {isa = PBXFileReference; fileEncoding = 4; lastKnownFileType = sourcecode.c.objc; path = NetworkController.m; sourceTree = "<group>"; };
		45B6405E1A7DC57E0031FCB5 /* Beat.h */ = {isa = PBXFileReference; fileEncoding = 4; lastKnownFileType = sourcecode.c.h; path = Beat.h; sourceTree = "<group>"; };
		45B6405F1A7DC57E0031FCB5 /* Beat.m */ = {isa = PBXFileReference; fileEncoding = 4; lastKnownFileType = sourcecode.c.objc; path = Beat.m; sourceTree = "<group>"; };
		45E3EEE31A90A8A90095094A /* ScratchDeleteFile.m */ = {isa = PBXFileReference; fileEncoding = 4; lastKnownFileType = sourcecode.c.objc; name = ScratchDeleteFile.m; path = ../ScratchDeleteFile.m; sourceTree = "<group>"; };
		8B8443AF1A32A94F00E04392 /* MixedUp.app */ = {isa = PBXFileReference; explicitFileType = wrapper.application; includeInIndex = 0; path = MixedUp.app; sourceTree = BUILT_PRODUCTS_DIR; };
		8B8443B31A32A94F00E04392 /* Info.plist */ = {isa = PBXFileReference; lastKnownFileType = text.plist.xml; path = Info.plist; sourceTree = "<group>"; };
		8B8443B41A32A94F00E04392 /* main.m */ = {isa = PBXFileReference; lastKnownFileType = sourcecode.c.objc; path = main.m; sourceTree = "<group>"; };
		8B8443B61A32A94F00E04392 /* AppDelegate.h */ = {isa = PBXFileReference; lastKnownFileType = sourcecode.c.h; path = AppDelegate.h; sourceTree = "<group>"; };
		8B8443B71A32A94F00E04392 /* AppDelegate.m */ = {isa = PBXFileReference; lastKnownFileType = sourcecode.c.objc; path = AppDelegate.m; sourceTree = "<group>"; };
		8B8443B91A32A94F00E04392 /* ViewController.h */ = {isa = PBXFileReference; lastKnownFileType = sourcecode.c.h; path = ViewController.h; sourceTree = "<group>"; };
		8B8443BF1A32A94F00E04392 /* Images.xcassets */ = {isa = PBXFileReference; lastKnownFileType = folder.assetcatalog; path = Images.xcassets; sourceTree = "<group>"; };
		8B8443C21A32A94F00E04392 /* Base */ = {isa = PBXFileReference; lastKnownFileType = file.xib; name = Base; path = Base.lproj/LaunchScreen.xib; sourceTree = "<group>"; };
		8B8443C81A32A94F00E04392 /* MixedUpTests.xctest */ = {isa = PBXFileReference; explicitFileType = wrapper.cfbundle; includeInIndex = 0; path = MixedUpTests.xctest; sourceTree = BUILT_PRODUCTS_DIR; };
		8B8443CD1A32A94F00E04392 /* Info.plist */ = {isa = PBXFileReference; lastKnownFileType = text.plist.xml; path = Info.plist; sourceTree = "<group>"; };
		8B8443CE1A32A94F00E04392 /* MixedUpTests.m */ = {isa = PBXFileReference; lastKnownFileType = sourcecode.c.objc; path = MixedUpTests.m; sourceTree = "<group>"; };
/* End PBXFileReference section */

/* Begin PBXFrameworksBuildPhase section */
		8B8443AC1A32A94F00E04392 /* Frameworks */ = {
			isa = PBXFrameworksBuildPhase;
			buildActionMask = 2147483647;
			files = (
			);
			runOnlyForDeploymentPostprocessing = 0;
		};
		8B8443C51A32A94F00E04392 /* Frameworks */ = {
			isa = PBXFrameworksBuildPhase;
			buildActionMask = 2147483647;
			files = (
			);
			runOnlyForDeploymentPostprocessing = 0;
		};
/* End PBXFrameworksBuildPhase section */

/* Begin PBXGroup section */
		8B0BC3921A40D3D90050405E /* MODEL */ = {
			isa = PBXGroup;
			children = (
				45B6405E1A7DC57E0031FCB5 /* Beat.h */,
				45B6405F1A7DC57E0031FCB5 /* Beat.m */,
			);
			name = MODEL;
			sourceTree = "<group>";
		};
		8B4435F81A40E48900ED509C /* CONTROLLER */ = {
			isa = PBXGroup;
			children = (
				8B8443B91A32A94F00E04392 /* ViewController.h */,
				45B640591A7DC3710031FCB5 /* ViewController.m */,
				453699971A40ED8900643029 /* PlaylistViewController.h */,
				453699981A40ED8900643029 /* PlaylistViewController.m */,
				45B6405B1A7DC5440031FCB5 /* NetworkController.h */,
				45B6405C1A7DC5440031FCB5 /* NetworkController.m */,
				45E3EEE31A90A8A90095094A /* ScratchDeleteFile.m */,
			);
			name = CONTROLLER;
			sourceTree = "<group>";
		};
		8B8443A61A32A94F00E04392 = {
			isa = PBXGroup;
			children = (
				8B8443B11A32A94F00E04392 /* MixedUp */,
				8B8443CB1A32A94F00E04392 /* MixedUpTests */,
				8B8443B01A32A94F00E04392 /* Products */,
			);
			sourceTree = "<group>";
		};
		8B8443B01A32A94F00E04392 /* Products */ = {
			isa = PBXGroup;
			children = (
				8B8443AF1A32A94F00E04392 /* MixedUp.app */,
				8B8443C81A32A94F00E04392 /* MixedUpTests.xctest */,
			);
			name = Products;
			sourceTree = "<group>";
		};
		8B8443B11A32A94F00E04392 /* MixedUp */ = {
			isa = PBXGroup;
			children = (
				8B8443B61A32A94F00E04392 /* AppDelegate.h */,
				8B8443B71A32A94F00E04392 /* AppDelegate.m */,
				8B0BC3921A40D3D90050405E /* MODEL */,
				8B4435F81A40E48900ED509C /* CONTROLLER */,
				8BEEFAE11A40DB2600A8518F /* VIEW */,
				8B8443BF1A32A94F00E04392 /* Images.xcassets */,
				8B8443C11A32A94F00E04392 /* LaunchScreen.xib */,
				8B8443B21A32A94F00E04392 /* Supporting Files */,
			);
			path = MixedUp;
			sourceTree = "<group>";
		};
		8B8443B21A32A94F00E04392 /* Supporting Files */ = {
			isa = PBXGroup;
			children = (
				8B8443B31A32A94F00E04392 /* Info.plist */,
				8B8443B41A32A94F00E04392 /* main.m */,
			);
			name = "Supporting Files";
			sourceTree = "<group>";
		};
		8B8443CB1A32A94F00E04392 /* MixedUpTests */ = {
			isa = PBXGroup;
			children = (
				8B8443CE1A32A94F00E04392 /* MixedUpTests.m */,
				8B8443CC1A32A94F00E04392 /* Supporting Files */,
			);
			path = MixedUpTests;
			sourceTree = "<group>";
		};
		8B8443CC1A32A94F00E04392 /* Supporting Files */ = {
			isa = PBXGroup;
			children = (
				8B8443CD1A32A94F00E04392 /* Info.plist */,
			);
			name = "Supporting Files";
			sourceTree = "<group>";
		};
		8BEEFAE11A40DB2600A8518F /* VIEW */ = {
			isa = PBXGroup;
			children = (
				457B2FDF1A93061800B7236C /* Main.storyboard */,
			);
			name = VIEW;
			sourceTree = "<group>";
		};
/* End PBXGroup section */

/* Begin PBXNativeTarget section */
		8B8443AE1A32A94F00E04392 /* MixedUp */ = {
			isa = PBXNativeTarget;
			buildConfigurationList = 8B8443D21A32A94F00E04392 /* Build configuration list for PBXNativeTarget "MixedUp" */;
			buildPhases = (
				8B8443AB1A32A94F00E04392 /* Sources */,
				8B8443AC1A32A94F00E04392 /* Frameworks */,
				8B8443AD1A32A94F00E04392 /* Resources */,
			);
			buildRules = (
			);
			dependencies = (
			);
			name = MixedUp;
			productName = MixedUp;
			productReference = 8B8443AF1A32A94F00E04392 /* MixedUp.app */;
			productType = "com.apple.product-type.application";
		};
		8B8443C71A32A94F00E04392 /* MixedUpTests */ = {
			isa = PBXNativeTarget;
			buildConfigurationList = 8B8443D51A32A94F00E04392 /* Build configuration list for PBXNativeTarget "MixedUpTests" */;
			buildPhases = (
				8B8443C41A32A94F00E04392 /* Sources */,
				8B8443C51A32A94F00E04392 /* Frameworks */,
				8B8443C61A32A94F00E04392 /* Resources */,
			);
			buildRules = (
			);
			dependencies = (
				8B8443CA1A32A94F00E04392 /* PBXTargetDependency */,
			);
			name = MixedUpTests;
			productName = MixedUpTests;
			productReference = 8B8443C81A32A94F00E04392 /* MixedUpTests.xctest */;
			productType = "com.apple.product-type.bundle.unit-test";
		};
/* End PBXNativeTarget section */

/* Begin PBXProject section */
		8B8443A71A32A94F00E04392 /* Project object */ = {
			isa = PBXProject;
			attributes = {
				LastUpgradeCheck = 0610;
				ORGANIZATIONNAME = "Kori Kolodziejczak";
				TargetAttributes = {
					8B8443AE1A32A94F00E04392 = {
						CreatedOnToolsVersion = 6.1.1;
					};
					8B8443C71A32A94F00E04392 = {
						CreatedOnToolsVersion = 6.1.1;
						TestTargetID = 8B8443AE1A32A94F00E04392;
					};
				};
			};
			buildConfigurationList = 8B8443AA1A32A94F00E04392 /* Build configuration list for PBXProject "MixedUp" */;
			compatibilityVersion = "Xcode 3.2";
			developmentRegion = English;
			hasScannedForEncodings = 0;
			knownRegions = (
				en,
				Base,
			);
			mainGroup = 8B8443A61A32A94F00E04392;
			productRefGroup = 8B8443B01A32A94F00E04392 /* Products */;
			projectDirPath = "";
			projectRoot = "";
			targets = (
				8B8443AE1A32A94F00E04392 /* MixedUp */,
				8B8443C71A32A94F00E04392 /* MixedUpTests */,
			);
		};
/* End PBXProject section */

/* Begin PBXResourcesBuildPhase section */
		8B8443AD1A32A94F00E04392 /* Resources */ = {
			isa = PBXResourcesBuildPhase;
			buildActionMask = 2147483647;
			files = (
				8B8443C31A32A94F00E04392 /* LaunchScreen.xib in Resources */,
				8B8443C01A32A94F00E04392 /* Images.xcassets in Resources */,
				457B2FE01A93061800B7236C /* Main.storyboard in Resources */,
			);
			runOnlyForDeploymentPostprocessing = 0;
		};
		8B8443C61A32A94F00E04392 /* Resources */ = {
			isa = PBXResourcesBuildPhase;
			buildActionMask = 2147483647;
			files = (
			);
			runOnlyForDeploymentPostprocessing = 0;
		};
/* End PBXResourcesBuildPhase section */

/* Begin PBXSourcesBuildPhase section */
		8B8443AB1A32A94F00E04392 /* Sources */ = {
			isa = PBXSourcesBuildPhase;
			buildActionMask = 2147483647;
			files = (
				45E3EEE41A90A8A90095094A /* ScratchDeleteFile.m in Sources */,
				45B6405A1A7DC3710031FCB5 /* ViewController.m in Sources */,
				453699991A40ED8900643029 /* PlaylistViewController.m in Sources */,
				8B8443B81A32A94F00E04392 /* AppDelegate.m in Sources */,
				45B640601A7DC57E0031FCB5 /* Beat.m in Sources */,
				45B6405D1A7DC5440031FCB5 /* NetworkController.m in Sources */,
				8B8443B51A32A94F00E04392 /* main.m in Sources */,
			);
			runOnlyForDeploymentPostprocessing = 0;
		};
		8B8443C41A32A94F00E04392 /* Sources */ = {
			isa = PBXSourcesBuildPhase;
			buildActionMask = 2147483647;
			files = (
				8B8443CF1A32A94F00E04392 /* MixedUpTests.m in Sources */,
			);
			runOnlyForDeploymentPostprocessing = 0;
		};
/* End PBXSourcesBuildPhase section */

/* Begin PBXTargetDependency section */
		8B8443CA1A32A94F00E04392 /* PBXTargetDependency */ = {
			isa = PBXTargetDependency;
			target = 8B8443AE1A32A94F00E04392 /* MixedUp */;
			targetProxy = 8B8443C91A32A94F00E04392 /* PBXContainerItemProxy */;
		};
/* End PBXTargetDependency section */

/* Begin PBXVariantGroup section */
		8B8443C11A32A94F00E04392 /* LaunchScreen.xib */ = {
			isa = PBXVariantGroup;
			children = (
				8B8443C21A32A94F00E04392 /* Base */,
			);
			name = LaunchScreen.xib;
			sourceTree = "<group>";
		};
/* End PBXVariantGroup section */

/* Begin XCBuildConfiguration section */
		8B8443D01A32A94F00E04392 /* Debug */ = {
			isa = XCBuildConfiguration;
			buildSettings = {
				ALWAYS_SEARCH_USER_PATHS = NO;
				CLANG_CXX_LANGUAGE_STANDARD = "gnu++0x";
				CLANG_CXX_LIBRARY = "libc++";
				CLANG_ENABLE_MODULES = YES;
				CLANG_ENABLE_OBJC_ARC = YES;
				CLANG_WARN_BOOL_CONVERSION = YES;
				CLANG_WARN_CONSTANT_CONVERSION = YES;
				CLANG_WARN_DIRECT_OBJC_ISA_USAGE = YES_ERROR;
				CLANG_WARN_EMPTY_BODY = YES;
				CLANG_WARN_ENUM_CONVERSION = YES;
				CLANG_WARN_INT_CONVERSION = YES;
				CLANG_WARN_OBJC_ROOT_CLASS = YES_ERROR;
				CLANG_WARN_UNREACHABLE_CODE = YES;
				CLANG_WARN__DUPLICATE_METHOD_MATCH = YES;
				"CODE_SIGN_IDENTITY[sdk=iphoneos*]" = "iPhone Developer";
				COPY_PHASE_STRIP = NO;
				ENABLE_STRICT_OBJC_MSGSEND = YES;
				GCC_C_LANGUAGE_STANDARD = gnu99;
				GCC_DYNAMIC_NO_PIC = NO;
				GCC_OPTIMIZATION_LEVEL = 0;
				GCC_PREPROCESSOR_DEFINITIONS = (
					"DEBUG=1",
					"$(inherited)",
				);
				GCC_SYMBOLS_PRIVATE_EXTERN = NO;
				GCC_WARN_64_TO_32_BIT_CONVERSION = YES;
				GCC_WARN_ABOUT_RETURN_TYPE = YES_ERROR;
				GCC_WARN_UNDECLARED_SELECTOR = YES;
				GCC_WARN_UNINITIALIZED_AUTOS = YES_AGGRESSIVE;
				GCC_WARN_UNUSED_FUNCTION = YES;
				GCC_WARN_UNUSED_VARIABLE = YES;
				IPHONEOS_DEPLOYMENT_TARGET = 8.1;
				MTL_ENABLE_DEBUG_INFO = YES;
				ONLY_ACTIVE_ARCH = YES;
				SDKROOT = iphoneos;
				TARGETED_DEVICE_FAMILY = "1,2";
			};
			name = Debug;
		};
		8B8443D11A32A94F00E04392 /* Release */ = {
			isa = XCBuildConfiguration;
			buildSettings = {
				ALWAYS_SEARCH_USER_PATHS = NO;
				CLANG_CXX_LANGUAGE_STANDARD = "gnu++0x";
				CLANG_CXX_LIBRARY = "libc++";
				CLANG_ENABLE_MODULES = YES;
				CLANG_ENABLE_OBJC_ARC = YES;
				CLANG_WARN_BOOL_CONVERSION = YES;
				CLANG_WARN_CONSTANT_CONVERSION = YES;
				CLANG_WARN_DIRECT_OBJC_ISA_USAGE = YES_ERROR;
				CLANG_WARN_EMPTY_BODY = YES;
				CLANG_WARN_ENUM_CONVERSION = YES;
				CLANG_WARN_INT_CONVERSION = YES;
				CLANG_WARN_OBJC_ROOT_CLASS = YES_ERROR;
				CLANG_WARN_UNREACHABLE_CODE = YES;
				CLANG_WARN__DUPLICATE_METHOD_MATCH = YES;
				"CODE_SIGN_IDENTITY[sdk=iphoneos*]" = "iPhone Developer";
				COPY_PHASE_STRIP = YES;
				ENABLE_NS_ASSERTIONS = NO;
				ENABLE_STRICT_OBJC_MSGSEND = YES;
				GCC_C_LANGUAGE_STANDARD = gnu99;
				GCC_WARN_64_TO_32_BIT_CONVERSION = YES;
				GCC_WARN_ABOUT_RETURN_TYPE = YES_ERROR;
				GCC_WARN_UNDECLARED_SELECTOR = YES;
				GCC_WARN_UNINITIALIZED_AUTOS = YES_AGGRESSIVE;
				GCC_WARN_UNUSED_FUNCTION = YES;
				GCC_WARN_UNUSED_VARIABLE = YES;
				IPHONEOS_DEPLOYMENT_TARGET = 8.1;
				MTL_ENABLE_DEBUG_INFO = NO;
				SDKROOT = iphoneos;
				TARGETED_DEVICE_FAMILY = "1,2";
				VALIDATE_PRODUCT = YES;
			};
			name = Release;
		};
		8B8443D31A32A94F00E04392 /* Debug */ = {
			isa = XCBuildConfiguration;
			buildSettings = {
				ASSETCATALOG_COMPILER_APPICON_NAME = AppIcon;
				INFOPLIST_FILE = MixedUp/Info.plist;
				LD_RUNPATH_SEARCH_PATHS = "$(inherited) @executable_path/Frameworks";
				PRODUCT_NAME = "$(TARGET_NAME)";
			};
			name = Debug;
		};
		8B8443D41A32A94F00E04392 /* Release */ = {
			isa = XCBuildConfiguration;
			buildSettings = {
				ASSETCATALOG_COMPILER_APPICON_NAME = AppIcon;
				INFOPLIST_FILE = MixedUp/Info.plist;
				LD_RUNPATH_SEARCH_PATHS = "$(inherited) @executable_path/Frameworks";
				PRODUCT_NAME = "$(TARGET_NAME)";
			};
			name = Release;
		};
		8B8443D61A32A94F00E04392 /* Debug */ = {
			isa = XCBuildConfiguration;
			buildSettings = {
				BUNDLE_LOADER = "$(TEST_HOST)";
				FRAMEWORK_SEARCH_PATHS = (
					"$(SDKROOT)/Developer/Library/Frameworks",
					"$(inherited)",
				);
				GCC_PREPROCESSOR_DEFINITIONS = (
					"DEBUG=1",
					"$(inherited)",
				);
				INFOPLIST_FILE = MixedUpTests/Info.plist;
				LD_RUNPATH_SEARCH_PATHS = "$(inherited) @executable_path/Frameworks @loader_path/Frameworks";
				PRODUCT_NAME = "$(TARGET_NAME)";
				TEST_HOST = "$(BUILT_PRODUCTS_DIR)/MixedUp.app/MixedUp";
			};
			name = Debug;
		};
		8B8443D71A32A94F00E04392 /* Release */ = {
			isa = XCBuildConfiguration;
			buildSettings = {
				BUNDLE_LOADER = "$(TEST_HOST)";
				FRAMEWORK_SEARCH_PATHS = (
					"$(SDKROOT)/Developer/Library/Frameworks",
					"$(inherited)",
				);
				INFOPLIST_FILE = MixedUpTests/Info.plist;
				LD_RUNPATH_SEARCH_PATHS = "$(inherited) @executable_path/Frameworks @loader_path/Frameworks";
				PRODUCT_NAME = "$(TARGET_NAME)";
				TEST_HOST = "$(BUILT_PRODUCTS_DIR)/MixedUp.app/MixedUp";
			};
			name = Release;
		};
/* End XCBuildConfiguration section */

/* Begin XCConfigurationList section */
		8B8443AA1A32A94F00E04392 /* Build configuration list for PBXProject "MixedUp" */ = {
			isa = XCConfigurationList;
			buildConfigurations = (
				8B8443D01A32A94F00E04392 /* Debug */,
				8B8443D11A32A94F00E04392 /* Release */,
			);
			defaultConfigurationIsVisible = 0;
			defaultConfigurationName = Release;
		};
		8B8443D21A32A94F00E04392 /* Build configuration list for PBXNativeTarget "MixedUp" */ = {
			isa = XCConfigurationList;
			buildConfigurations = (
				8B8443D31A32A94F00E04392 /* Debug */,
				8B8443D41A32A94F00E04392 /* Release */,
			);
			defaultConfigurationIsVisible = 0;
			defaultConfigurationName = Release;
		};
		8B8443D51A32A94F00E04392 /* Build configuration list for PBXNativeTarget "MixedUpTests" */ = {
			isa = XCConfigurationList;
			buildConfigurations = (
				8B8443D61A32A94F00E04392 /* Debug */,
				8B8443D71A32A94F00E04392 /* Release */,
			);
			defaultConfigurationIsVisible = 0;
			defaultConfigurationName = Release;
		};
/* End XCConfigurationList section */
	};
	rootObject = 8B8443A71A32A94F00E04392 /* Project object */;
}
